<?xml version="1.0" encoding="utf-8"?>
<Project ToolsVersion="4.0" xmlns="http://schemas.microsoft.com/developer/msbuild/2003">
  <ItemGroup>
    <Filter Include="Resource Files">
      <UniqueIdentifier>{67DA6AB6-F800-4c08-8B7A-83BB121AAD01}</UniqueIdentifier>
      <Extensions>rc;ico;cur;bmp;dlg;rc2;rct;bin;rgs;gif;jpg;jpeg;jpe;resx;tiff;tif;png;wav;mfcribbon-ms</Extensions>
    </Filter>
    <Filter Include="main">
      <UniqueIdentifier>{38359b4a-d404-4fba-b537-b4c24ccaf2f4}</UniqueIdentifier>
    </Filter>
    <Filter Include="stdafx">
      <UniqueIdentifier>{86b52607-58b2-40a9-9034-3671d241aa55}</UniqueIdentifier>
    </Filter>
    <Filter Include="utils">
      <UniqueIdentifier>{86ad5d6d-1f3e-46ad-8de4-edcd443484e5}</UniqueIdentifier>
    </Filter>
    <Filter Include="state">
      <UniqueIdentifier>{d5735f56-cdc6-41a8-9a99-bada745e8cac}</UniqueIdentifier>
    </Filter>
  </ItemGroup>
  <ItemGroup>
    <ClInclude Include="resource.h">
      <Filter>Resource Files</Filter>
    </ClInclude>
    <ClInclude Include="stdafx.h">
      <Filter>stdafx</Filter>
    </ClInclude>
    <ClInclude Include="MainDlg.h">
      <Filter>main</Filter>
    </ClInclude>
    <ClInclude Include="RemoteControlUtils.h">
      <Filter>main</Filter>
    </ClInclude>
    <ClInclude Include="utils\XRichEditCtrl2.h">
      <Filter>utils</Filter>
    </ClInclude>
    <ClInclude Include="Global.h">
      <Filter>main</Filter>
    </ClInclude>
    <ClInclude Include="state\BandiViewState.h">
      <Filter>state</Filter>
    </ClInclude>
    <ClInclude Include="CommandsReader.h">
      <Filter>main</Filter>
    </ClInclude>
  </ItemGroup>
  <ItemGroup>
    <ClCompile Include="stdafx.cpp">
      <Filter>stdafx</Filter>
    </ClCompile>
    <ClCompile Include="main.cpp">
      <Filter>main</Filter>
    </ClCompile>
    <ClCompile Include="MainDlg.cpp">
      <Filter>main</Filter>
    </ClCompile>
    <ClCompile Include="RemoteControlUtils.cpp">
      <Filter>main</Filter>
    </ClCompile>
    <ClCompile Include="utils\XRichEditCtrl2.cpp">
      <Filter>utils</Filter>
    </ClCompile>
    <ClCompile Include="Global.cpp">
      <Filter>main</Filter>
    </ClCompile>
    <ClCompile Include="state\BandiViewState.cpp">
      <Filter>state</Filter>
    </ClCompile>
    <ClCompile Include="CommandsReader.cpp">
      <Filter>main</Filter>
    </ClCompile>
  </ItemGroup>
  <ItemGroup>
    <Image Include="main.ico">
      <Filter>Resource Files</Filter>
    </Image>
  </ItemGroup>
  <ItemGroup>
    <ResourceCompile Include="resource.rc">
      <Filter>Resource Files</Filter>
    </ResourceCompile>
  </ItemGroup>
</Project>